
Microsoft Visual Studio Solution File, Format Version 12.00
# Visual Studio Version 16
VisualStudioVersion = 16.0.30128.74
MinimumVisualStudioVersion = 10.0.40219.1
Project("{9A19103F-16F7-4668-BE54-9A1E7A4F7556}") = "DocumentManager", "AbbottProvider\DocumentManager.csproj", "{3E00F4B7-5E82-410A-99F7-D79846E6B6A0}"
EndProject
Project("{2150E333-8FDC-42A3-9474-1A3956D46DE8}") = "DataAccess", "DataAccess", "{41AF5778-8818-4583-BE61-0697419C5B5C}"
EndProject
Project("{9A19103F-16F7-4668-BE54-9A1E7A4F7556}") = "Domain", "Domain\Domain.csproj", "{72298A57-258F-464B-8747-9B618BFCE279}"
EndProject
Project("{2150E333-8FDC-42A3-9474-1A3956D46DE8}") = "CrossCutting", "CrossCutting", "{3130D809-BA85-48B9-8E7B-7AE691A912F2}"
EndProject
Project("{9A19103F-16F7-4668-BE54-9A1E7A4F7556}") = "DocumentManager.CrossCutting", "Abbott.CrossCutting\DocumentManager.CrossCutting.csproj", "{0F2D7D5A-84E3-49BA-A786-2EBADA3FFC5C}"
EndProject
Global
	GlobalSection(SolutionConfigurationPlatforms) = preSolution
		Debug|Any CPU = Debug|Any CPU
		Release|Any CPU = Release|Any CPU
	EndGlobalSection
	GlobalSection(ProjectConfigurationPlatforms) = postSolution
		{3E00F4B7-5E82-410A-99F7-D79846E6B6A0}.Debug|Any CPU.ActiveCfg = Debug|Any CPU
		{3E00F4B7-5E82-410A-99F7-D79846E6B6A0}.Debug|Any CPU.Build.0 = Debug|Any CPU
		{3E00F4B7-5E82-410A-99F7-D79846E6B6A0}.Release|Any CPU.ActiveCfg = Release|Any CPU
		{3E00F4B7-5E82-410A-99F7-D79846E6B6A0}.Release|Any CPU.Build.0 = Release|Any CPU
		{72298A57-258F-464B-8747-9B618BFCE279}.Debug|Any CPU.ActiveCfg = Debug|Any CPU
		{72298A57-258F-464B-8747-9B618BFCE279}.Debug|Any CPU.Build.0 = Debug|Any CPU
		{72298A57-258F-464B-8747-9B618BFCE279}.Release|Any CPU.ActiveCfg = Release|Any CPU
		{72298A57-258F-464B-8747-9B618BFCE279}.Release|Any CPU.Build.0 = Release|Any CPU
		{0F2D7D5A-84E3-49BA-A786-2EBADA3FFC5C}.Debug|Any CPU.ActiveCfg = Debug|Any CPU
		{0F2D7D5A-84E3-49BA-A786-2EBADA3FFC5C}.Debug|Any CPU.Build.0 = Debug|Any CPU
		{0F2D7D5A-84E3-49BA-A786-2EBADA3FFC5C}.Release|Any CPU.ActiveCfg = Release|Any CPU
		{0F2D7D5A-84E3-49BA-A786-2EBADA3FFC5C}.Release|Any CPU.Build.0 = Release|Any CPU
	EndGlobalSection
	GlobalSection(SolutionProperties) = preSolution
		HideSolutionNode = FALSE
	EndGlobalSection
	GlobalSection(NestedProjects) = preSolution
		{72298A57-258F-464B-8747-9B618BFCE279} = {41AF5778-8818-4583-BE61-0697419C5B5C}
		{0F2D7D5A-84E3-49BA-A786-2EBADA3FFC5C} = {3130D809-BA85-48B9-8E7B-7AE691A912F2}
	EndGlobalSection
	GlobalSection(ExtensibilityGlobals) = postSolution
		SolutionGuid = {DCF7CF75-8B85-4978-B09A-47010AACE335}
	EndGlobalSection
EndGlobal
